// !$*UTF8*$!
{
	archiveVersion = 1;
	classes = {
	};
	objectVersion = 46;
	objects = {

/* Begin PBXBuildFile section */
		955D44211DB8D8AB007E016C /* AppDelegate.swift in Sources */ = {isa = PBXBuildFile; fileRef = 955D44201DB8D8AB007E016C /* AppDelegate.swift */; };
		955D44261DB8D8AB007E016C /* Main.storyboard in Resources */ = {isa = PBXBuildFile; fileRef = 955D44241DB8D8AB007E016C /* Main.storyboard */; };
		955D44281DB8D8AB007E016C /* Assets.xcassets in Resources */ = {isa = PBXBuildFile; fileRef = 955D44271DB8D8AB007E016C /* Assets.xcassets */; };
		955D442B1DB8D8AB007E016C /* LaunchScreen.storyboard in Resources */ = {isa = PBXBuildFile; fileRef = 955D44291DB8D8AB007E016C /* LaunchScreen.storyboard */; };
		955D44331DB8D949007E016C /* Home.swift in Sources */ = {isa = PBXBuildFile; fileRef = 955D44321DB8D949007E016C /* Home.swift */; };
		955D44351DB8DC1F007E016C /* Player.swift in Sources */ = {isa = PBXBuildFile; fileRef = 955D44341DB8DC1F007E016C /* Player.swift */; };
		955D44371DB8EC43007E016C /* Piece.swift in Sources */ = {isa = PBXBuildFile; fileRef = 955D44361DB8EC43007E016C /* Piece.swift */; };
		955D443B1DB925F9007E016C /* Constants.swift in Sources */ = {isa = PBXBuildFile; fileRef = 955D443A1DB925F9007E016C /* Constants.swift */; };
/* End PBXBuildFile section */

/* Begin PBXFileReference section */
		955D441D1DB8D8AA007E016C /* BreakHeads.app */ = {isa = PBXFileReference; explicitFileType = wrapper.application; includeInIndex = 0; path = BreakHeads.app; sourceTree = BUILT_PRODUCTS_DIR; };
		955D44201DB8D8AB007E016C /* AppDelegate.swift */ = {isa = PBXFileReference; lastKnownFileType = sourcecode.swift; path = AppDelegate.swift; sourceTree = "<group>"; };
		955D44251DB8D8AB007E016C /* Base */ = {isa = PBXFileReference; lastKnownFileType = file.storyboard; name = Base; path = Base.lproj/Main.storyboard; sourceTree = "<group>"; };
		955D44271DB8D8AB007E016C /* Assets.xcassets */ = {isa = PBXFileReference; lastKnownFileType = folder.assetcatalog; path = Assets.xcassets; sourceTree = "<group>"; };
		955D442A1DB8D8AB007E016C /* Base */ = {isa = PBXFileReference; lastKnownFileType = file.storyboard; name = Base; path = Base.lproj/LaunchScreen.storyboard; sourceTree = "<group>"; };
		955D442C1DB8D8AB007E016C /* Info.plist */ = {isa = PBXFileReference; lastKnownFileType = text.plist.xml; path = Info.plist; sourceTree = "<group>"; };
		955D44321DB8D949007E016C /* Home.swift */ = {isa = PBXFileReference; fileEncoding = 4; lastKnownFileType = sourcecode.swift; path = Home.swift; sourceTree = "<group>"; };
		955D44341DB8DC1F007E016C /* Player.swift */ = {isa = PBXFileReference; fileEncoding = 4; lastKnownFileType = sourcecode.swift; path = Player.swift; sourceTree = "<group>"; };
		955D44361DB8EC43007E016C /* Piece.swift */ = {isa = PBXFileReference; fileEncoding = 4; lastKnownFileType = sourcecode.swift; path = Piece.swift; sourceTree = "<group>"; };
		955D443A1DB925F9007E016C /* Constants.swift */ = {isa = PBXFileReference; fileEncoding = 4; lastKnownFileType = sourcecode.swift; path = Constants.swift; sourceTree = "<group>"; };
/* End PBXFileReference section */

/* Begin PBXFrameworksBuildPhase section */
		955D441A1DB8D8AA007E016C /* Frameworks */ = {
			isa = PBXFrameworksBuildPhase;
			buildActionMask = 2147483647;
			files = (
			);
			runOnlyForDeploymentPostprocessing = 0;
		};
/* End PBXFrameworksBuildPhase section */

/* Begin PBXGroup section */
		955D44141DB8D8AA007E016C = {
			isa = PBXGroup;
			children = (
				955D441F1DB8D8AB007E016C /* BreakHeads */,
				955D441E1DB8D8AA007E016C /* Products */,
			);
			sourceTree = "<group>";
		};
		955D441E1DB8D8AA007E016C /* Products */ = {
			isa = PBXGroup;
			children = (
				955D441D1DB8D8AA007E016C /* BreakHeads.app */,
			);
			name = Products;
			sourceTree = "<group>";
		};
		955D441F1DB8D8AB007E016C /* BreakHeads */ = {
			isa = PBXGroup;
			children = (
				955D44201DB8D8AB007E016C /* AppDelegate.swift */,
				955D443A1DB925F9007E016C /* Constants.swift */,
				955D44321DB8D949007E016C /* Home.swift */,
				955D44341DB8DC1F007E016C /* Player.swift */,
				955D44361DB8EC43007E016C /* Piece.swift */,
				955D44241DB8D8AB007E016C /* Main.storyboard */,
				955D44271DB8D8AB007E016C /* Assets.xcassets */,
				955D44291DB8D8AB007E016C /* LaunchScreen.storyboard */,
				955D442C1DB8D8AB007E016C /* Info.plist */,
			);
			path = BreakHeads;
			sourceTree = "<group>";
		};
/* End PBXGroup section */

/* Begin PBXNativeTarget section */
		955D441C1DB8D8AA007E016C /* BreakHeads */ = {
			isa = PBXNativeTarget;
			buildConfigurationList = 955D442F1DB8D8AB007E016C /* Build configuration list for PBXNativeTarget "BreakHeads" */;
			buildPhases = (
				955D44191DB8D8AA007E016C /* Sources */,
				955D441A1DB8D8AA007E016C /* Frameworks */,
				955D441B1DB8D8AA007E016C /* Resources */,
			);
			buildRules = (
			);
			dependencies = (
			);
			name = BreakHeads;
			productName = BreakHeads;
			productReference = 955D441D1DB8D8AA007E016C /* BreakHeads.app */;
			productType = "com.apple.product-type.application";
		};
/* End PBXNativeTarget section */

/* Begin PBXProject section */
		955D44151DB8D8AA007E016C /* Project object */ = {
			isa = PBXProject;
			attributes = {
				LastSwiftUpdateCheck = 0730;
				LastUpgradeCheck = 0730;
				ORGANIZATIONNAME = SBS;
				TargetAttributes = {
					955D441C1DB8D8AA007E016C = {
						CreatedOnToolsVersion = 7.3.1;
					};
				};
			};
			buildConfigurationList = 955D44181DB8D8AA007E016C /* Build configuration list for PBXProject "BreakHeads" */;
			compatibilityVersion = "Xcode 3.2";
			developmentRegion = English;
			hasScannedForEncodings = 0;
			knownRegions = (
				en,
				Base,
			);
			mainGroup = 955D44141DB8D8AA007E016C;
			productRefGroup = 955D441E1DB8D8AA007E016C /* Products */;
			projectDirPath = "";
			projectRoot = "";
			targets = (
				955D441C1DB8D8AA007E016C /* BreakHeads */,
			);
		};
/* End PBXProject section */

/* Begin PBXResourcesBuildPhase section */
		955D441B1DB8D8AA007E016C /* Resources */ = {
			isa = PBXResourcesBuildPhase;
			buildActionMask = 2147483647;
			files = (
				955D442B1DB8D8AB007E016C /* LaunchScreen.storyboard in Resources */,
				955D44281DB8D8AB007E016C /* Assets.xcassets in Resources */,
				955D44261DB8D8AB007E016C /* Main.storyboard in Resources */,
			);
			runOnlyForDeploymentPostprocessing = 0;
		};
/* End PBXResourcesBuildPhase section */

/* Begin PBXSourcesBuildPhase section */
		955D44191DB8D8AA007E016C /* Sources */ = {
			isa = PBXSourcesBuildPhase;
			buildActionMask = 2147483647;
			files = (
				955D44351DB8DC1F007E016C /* Player.swift in Sources */,
				955D44371DB8EC43007E016C /* Piece.swift in Sources */,
				955D44331DB8D949007E016C /* Home.swift in Sources */,
				955D44211DB8D8AB007E016C /* AppDelegate.swift in Sources */,
				955D443B1DB925F9007E016C /* Constants.swift in Sources */,
			);
			runOnlyForDeploymentPostprocessing = 0;
		};
/* End PBXSourcesBuildPhase section */

/* Begin PBXVariantGroup section */
		955D44241DB8D8AB007E016C /* Main.storyboard */ = {
			isa = PBXVariantGroup;
			children = (
				955D44251DB8D8AB007E016C /* Base */,
			);
			name = Main.storyboard;
			sourceTree = "<group>";
		};
		955D44291DB8D8AB007E016C /* LaunchScreen.storyboard */ = {
			isa = PBXVariantGroup;
			children = (
				955D442A1DB8D8AB007E016C /* Base */,
			);
			name = LaunchScreen.storyboard;
			sourceTree = "<group>";
		};
/* End PBXVariantGroup section */

/* Begin XCBuildConfiguration section */
		955D442D1DB8D8AB007E016C /* Debug */ = {
			isa = XCBuildConfiguration;
			buildSettings = {
				ALWAYS_SEARCH_USER_PATHS = NO;
				CLANG_ANALYZER_NONNULL = YES;
				CLANG_CXX_LANGUAGE_STANDARD = "gnu++0x";
				CLANG_CXX_LIBRARY = "libc++";
				CLANG_ENABLE_MODULES = YES;
				CLANG_ENABLE_OBJC_ARC = YES;
				CLANG_WARN_BOOL_CONVERSION = YES;
				CLANG_WARN_CONSTANT_CONVERSION = YES;
				CLANG_WARN_DIRECT_OBJC_ISA_USAGE = YES_ERROR;
				CLANG_WARN_EMPTY_BODY = YES;
				CLANG_WARN_ENUM_CONVERSION = YES;
				CLANG_WARN_INT_CONVERSION = YES;
				CLANG_WARN_OBJC_ROOT_CLASS = YES_ERROR;
				CLANG_WARN_UNREACHABLE_CODE = YES;
				CLANG_WARN__DUPLICATE_METHOD_MATCH = YES;
				"CODE_SIGN_IDENTITY[sdk=iphoneos*]" = "iPhone Developer";
				COPY_PHASE_STRIP = NO;
				DEBUG_INFORMATION_FORMAT = dwarf;
				ENABLE_STRICT_OBJC_MSGSEND = YES;
				ENABLE_TESTABILITY = YES;
				GCC_C_LANGUAGE_STANDARD = gnu99;
				GCC_DYNAMIC_NO_PIC = NO;
				GCC_NO_COMMON_BLOCKS = YES;
				GCC_OPTIMIZATION_LEVEL = 0;
				GCC_PREPROCESSOR_DEFINITIONS = (
					"DEBUG=1",
					"$(inherited)",
				);
				GCC_WARN_64_TO_32_BIT_CONVERSION = YES;
				GCC_WARN_ABOUT_RETURN_TYPE = YES_ERROR;
				GCC_WARN_UNDECLARED_SELECTOR = YES;
				GCC_WARN_UNINITIALIZED_AUTOS = YES_AGGRESSIVE;
				GCC_WARN_UNUSED_FUNCTION = YES;
				GCC_WARN_UNUSED_VARIABLE = YES;
				IPHONEOS_DEPLOYMENT_TARGET = 9.3;
				MTL_ENABLE_DEBUG_INFO = YES;
				ONLY_ACTIVE_ARCH = YES;
				SDKROOT = iphoneos;
				SWIFT_OPTIMIZATION_LEVEL = "-Onone";
			};
			name = Debug;
		};
		955D442E1DB8D8AB007E016C /* Release */ = {
			isa = XCBuildConfiguration;
			buildSettings = {
				ALWAYS_SEARCH_USER_PATHS = NO;
				CLANG_ANALYZER_NONNULL = YES;
				CLANG_CXX_LANGUAGE_STANDARD = "gnu++0x";
				CLANG_CXX_LIBRARY = "libc++";
				CLANG_ENABLE_MODULES = YES;
				CLANG_ENABLE_OBJC_ARC = YES;
				CLANG_WARN_BOOL_CONVERSION = YES;
				CLANG_WARN_CONSTANT_CONVERSION = YES;
				CLANG_WARN_DIRECT_OBJC_ISA_USAGE = YES_ERROR;
				CLANG_WARN_EMPTY_BODY = YES;
				CLANG_WARN_ENUM_CONVERSION = YES;
				CLANG_WARN_INT_CONVERSION = YES;
				CLANG_WARN_OBJC_ROOT_CLASS = YES_ERROR;
				CLANG_WARN_UNREACHABLE_CODE = YES;
				CLANG_WARN__DUPLICATE_METHOD_MATCH = YES;
				"CODE_SIGN_IDENTITY[sdk=iphoneos*]" = "iPhone Developer";
				COPY_PHASE_STRIP = NO;
				DEBUG_INFORMATION_FORMAT = "dwarf-with-dsym";
				ENABLE_NS_ASSERTIONS = NO;
				ENABLE_STRICT_OBJC_MSGSEND = YES;
				GCC_C_LANGUAGE_STANDARD = gnu99;
				GCC_NO_COMMON_BLOCKS = YES;
				GCC_WARN_64_TO_32_BIT_CONVERSION = YES;
				GCC_WARN_ABOUT_RETURN_TYPE = YES_ERROR;
				GCC_WARN_UNDECLARED_SELECTOR = YES;
				GCC_WARN_UNINITIALIZED_AUTOS = YES_AGGRESSIVE;
				GCC_WARN_UNUSED_FUNCTION = YES;
				GCC_WARN_UNUSED_VARIABLE = YES;
				IPHONEOS_DEPLOYMENT_TARGET = 9.3;
				MTL_ENABLE_DEBUG_INFO = NO;
				SDKROOT = iphoneos;
				VALIDATE_PRODUCT = YES;
			};
			name = Release;
		};
		955D44301DB8D8AB007E016C /* Debug */ = {
			isa = XCBuildConfiguration;
			buildSettings = {
				ASSETCATALOG_COMPILER_APPICON_NAME = AppIcon;
				INFOPLIST_FILE = BreakHeads/Info.plist;
				LD_RUNPATH_SEARCH_PATHS = "$(inherited) @executable_path/Frameworks";
				PRODUCT_BUNDLE_IDENTIFIER = SBS.App.BreakHeads;
				PRODUCT_NAME = "$(TARGET_NAME)";
			};
			name = Debug;
		};
		955D44311DB8D8AB007E016C /* Release */ = {
			isa = XCBuildConfiguration;
			buildSettings = {
				ASSETCATALOG_COMPILER_APPICON_NAME = AppIcon;
				INFOPLIST_FILE = BreakHeads/Info.plist;
				LD_RUNPATH_SEARCH_PATHS = "$(inherited) @executable_path/Frameworks";
				PRODUCT_BUNDLE_IDENTIFIER = SBS.App.BreakHeads;
				PRODUCT_NAME = "$(TARGET_NAME)";
			};
			name = Release;
		};
/* End XCBuildConfiguration section */

/* Begin XCConfigurationList section */
		955D44181DB8D8AA007E016C /* Build configuration list for PBXProject "BreakHeads" */ = {
			isa = XCConfigurationList;
			buildConfigurations = (
				955D442D1DB8D8AB007E016C /* Debug */,
				955D442E1DB8D8AB007E016C /* Release */,
			);
			defaultConfigurationIsVisible = 0;
			defaultConfigurationName = Release;
		};
		955D442F1DB8D8AB007E016C /* Build configuration list for PBXNativeTarget "BreakHeads" */ = {
			isa = XCConfigurationList;
			buildConfigurations = (
				955D44301DB8D8AB007E016C /* Debug */,
				955D44311DB8D8AB007E016C /* Release */,
			);
			defaultConfigurationIsVisible = 0;
			defaultConfigurationName = Release;
		};
/* End XCConfigurationList section */
	};
	rootObject = 955D44151DB8D8AA007E016C /* Project object */;
}
